// !$*UTF8*$!
{
	archiveVersion = 1;
	classes = {
	};
	objectVersion = 46;
	objects = {

/* Begin PBXBuildFile section */
		98C051941F49D89E006B70C3 /* AppDelegate.swift in Sources */ = {isa = PBXBuildFile; fileRef = 98C051931F49D89E006B70C3 /* AppDelegate.swift */; };
		98C051961F49D89E006B70C3 /* ViewController.swift in Sources */ = {isa = PBXBuildFile; fileRef = 98C051951F49D89E006B70C3 /* ViewController.swift */; };
		98C051991F49D89E006B70C3 /* Main.storyboard in Resources */ = {isa = PBXBuildFile; fileRef = 98C051971F49D89E006B70C3 /* Main.storyboard */; };
		98C0519B1F49D89E006B70C3 /* Assets.xcassets in Resources */ = {isa = PBXBuildFile; fileRef = 98C0519A1F49D89E006B70C3 /* Assets.xcassets */; };
		98C0519E1F49D89E006B70C3 /* LaunchScreen.storyboard in Resources */ = {isa = PBXBuildFile; fileRef = 98C0519C1F49D89E006B70C3 /* LaunchScreen.storyboard */; };
		98C051A91F49D89E006B70C3 /* WorldTrotterTests.swift in Sources */ = {isa = PBXBuildFile; fileRef = 98C051A81F49D89E006B70C3 /* WorldTrotterTests.swift */; };
		98C051B41F49D89E006B70C3 /* WorldTrotterUITests.swift in Sources */ = {isa = PBXBuildFile; fileRef = 98C051B31F49D89E006B70C3 /* WorldTrotterUITests.swift */; };
/* End PBXBuildFile section */

/* Begin PBXContainerItemProxy section */
		98C051A51F49D89E006B70C3 /* PBXContainerItemProxy */ = {
			isa = PBXContainerItemProxy;
			containerPortal = 98C051881F49D89E006B70C3 /* Project object */;
			proxyType = 1;
			remoteGlobalIDString = 98C0518F1F49D89E006B70C3;
			remoteInfo = WorldTrotter;
		};
		98C051B01F49D89E006B70C3 /* PBXContainerItemProxy */ = {
			isa = PBXContainerItemProxy;
			containerPortal = 98C051881F49D89E006B70C3 /* Project object */;
			proxyType = 1;
			remoteGlobalIDString = 98C0518F1F49D89E006B70C3;
			remoteInfo = WorldTrotter;
		};
/* End PBXContainerItemProxy section */

/* Begin PBXFileReference section */
		98C051901F49D89E006B70C3 /* WorldTrotter.app */ = {isa = PBXFileReference; explicitFileType = wrapper.application; includeInIndex = 0; path = WorldTrotter.app; sourceTree = BUILT_PRODUCTS_DIR; };
		98C051931F49D89E006B70C3 /* AppDelegate.swift */ = {isa = PBXFileReference; lastKnownFileType = sourcecode.swift; path = AppDelegate.swift; sourceTree = "<group>"; };
		98C051951F49D89E006B70C3 /* ViewController.swift */ = {isa = PBXFileReference; lastKnownFileType = sourcecode.swift; path = ViewController.swift; sourceTree = "<group>"; };
		98C051981F49D89E006B70C3 /* Base */ = {isa = PBXFileReference; lastKnownFileType = file.storyboard; name = Base; path = Base.lproj/Main.storyboard; sourceTree = "<group>"; };
		98C0519A1F49D89E006B70C3 /* Assets.xcassets */ = {isa = PBXFileReference; lastKnownFileType = folder.assetcatalog; path = Assets.xcassets; sourceTree = "<group>"; };
		98C0519D1F49D89E006B70C3 /* Base */ = {isa = PBXFileReference; lastKnownFileType = file.storyboard; name = Base; path = Base.lproj/LaunchScreen.storyboard; sourceTree = "<group>"; };
		98C0519F1F49D89E006B70C3 /* Info.plist */ = {isa = PBXFileReference; lastKnownFileType = text.plist.xml; path = Info.plist; sourceTree = "<group>"; };
		98C051A41F49D89E006B70C3 /* WorldTrotterTests.xctest */ = {isa = PBXFileReference; explicitFileType = wrapper.cfbundle; includeInIndex = 0; path = WorldTrotterTests.xctest; sourceTree = BUILT_PRODUCTS_DIR; };
		98C051A81F49D89E006B70C3 /* WorldTrotterTests.swift */ = {isa = PBXFileReference; lastKnownFileType = sourcecode.swift; path = WorldTrotterTests.swift; sourceTree = "<group>"; };
		98C051AA1F49D89E006B70C3 /* Info.plist */ = {isa = PBXFileReference; lastKnownFileType = text.plist.xml; path = Info.plist; sourceTree = "<group>"; };
		98C051AF1F49D89E006B70C3 /* WorldTrotterUITests.xctest */ = {isa = PBXFileReference; explicitFileType = wrapper.cfbundle; includeInIndex = 0; path = WorldTrotterUITests.xctest; sourceTree = BUILT_PRODUCTS_DIR; };
		98C051B31F49D89E006B70C3 /* WorldTrotterUITests.swift */ = {isa = PBXFileReference; lastKnownFileType = sourcecode.swift; path = WorldTrotterUITests.swift; sourceTree = "<group>"; };
		98C051B51F49D89E006B70C3 /* Info.plist */ = {isa = PBXFileReference; lastKnownFileType = text.plist.xml; path = Info.plist; sourceTree = "<group>"; };
/* End PBXFileReference section */

/* Begin PBXFrameworksBuildPhase section */
		98C0518D1F49D89E006B70C3 /* Frameworks */ = {
			isa = PBXFrameworksBuildPhase;
			buildActionMask = 2147483647;
			files = (
			);
			runOnlyForDeploymentPostprocessing = 0;
		};
		98C051A11F49D89E006B70C3 /* Frameworks */ = {
			isa = PBXFrameworksBuildPhase;
			buildActionMask = 2147483647;
			files = (
			);
			runOnlyForDeploymentPostprocessing = 0;
		};
		98C051AC1F49D89E006B70C3 /* Frameworks */ = {
			isa = PBXFrameworksBuildPhase;
			buildActionMask = 2147483647;
			files = (
			);
			runOnlyForDeploymentPostprocessing = 0;
		};
/* End PBXFrameworksBuildPhase section */

/* Begin PBXGroup section */
		98C051871F49D89E006B70C3 = {
			isa = PBXGroup;
			children = (
				98C051921F49D89E006B70C3 /* WorldTrotter */,
				98C051A71F49D89E006B70C3 /* WorldTrotterTests */,
				98C051B21F49D89E006B70C3 /* WorldTrotterUITests */,
				98C051911F49D89E006B70C3 /* Products */,
			);
			sourceTree = "<group>";
		};
		98C051911F49D89E006B70C3 /* Products */ = {
			isa = PBXGroup;
			children = (
				98C051901F49D89E006B70C3 /* WorldTrotter.app */,
				98C051A41F49D89E006B70C3 /* WorldTrotterTests.xctest */,
				98C051AF1F49D89E006B70C3 /* WorldTrotterUITests.xctest */,
			);
			name = Products;
			sourceTree = "<group>";
		};
		98C051921F49D89E006B70C3 /* WorldTrotter */ = {
			isa = PBXGroup;
			children = (
				98C051931F49D89E006B70C3 /* AppDelegate.swift */,
				98C051951F49D89E006B70C3 /* ViewController.swift */,
				98C051971F49D89E006B70C3 /* Main.storyboard */,
				98C0519A1F49D89E006B70C3 /* Assets.xcassets */,
				98C0519C1F49D89E006B70C3 /* LaunchScreen.storyboard */,
				98C0519F1F49D89E006B70C3 /* Info.plist */,
			);
			path = WorldTrotter;
			sourceTree = "<group>";
		};
		98C051A71F49D89E006B70C3 /* WorldTrotterTests */ = {
			isa = PBXGroup;
			children = (
				98C051A81F49D89E006B70C3 /* WorldTrotterTests.swift */,
				98C051AA1F49D89E006B70C3 /* Info.plist */,
			);
			path = WorldTrotterTests;
			sourceTree = "<group>";
		};
		98C051B21F49D89E006B70C3 /* WorldTrotterUITests */ = {
			isa = PBXGroup;
			children = (
				98C051B31F49D89E006B70C3 /* WorldTrotterUITests.swift */,
				98C051B51F49D89E006B70C3 /* Info.plist */,
			);
			path = WorldTrotterUITests;
			sourceTree = "<group>";
		};
/* End PBXGroup section */

/* Begin PBXNativeTarget section */
		98C0518F1F49D89E006B70C3 /* WorldTrotter */ = {
			isa = PBXNativeTarget;
			buildConfigurationList = 98C051B81F49D89E006B70C3 /* Build configuration list for PBXNativeTarget "WorldTrotter" */;
			buildPhases = (
				98C0518C1F49D89E006B70C3 /* Sources */,
				98C0518D1F49D89E006B70C3 /* Frameworks */,
				98C0518E1F49D89E006B70C3 /* Resources */,
			);
			buildRules = (
			);
			dependencies = (
			);
			name = WorldTrotter;
			productName = WorldTrotter;
			productReference = 98C051901F49D89E006B70C3 /* WorldTrotter.app */;
			productType = "com.apple.product-type.application";
		};
		98C051A31F49D89E006B70C3 /* WorldTrotterTests */ = {
			isa = PBXNativeTarget;
			buildConfigurationList = 98C051BB1F49D89E006B70C3 /* Build configuration list for PBXNativeTarget "WorldTrotterTests" */;
			buildPhases = (
				98C051A01F49D89E006B70C3 /* Sources */,
				98C051A11F49D89E006B70C3 /* Frameworks */,
				98C051A21F49D89E006B70C3 /* Resources */,
			);
			buildRules = (
			);
			dependencies = (
				98C051A61F49D89E006B70C3 /* PBXTargetDependency */,
			);
			name = WorldTrotterTests;
			productName = WorldTrotterTests;
			productReference = 98C051A41F49D89E006B70C3 /* WorldTrotterTests.xctest */;
			productType = "com.apple.product-type.bundle.unit-test";
		};
		98C051AE1F49D89E006B70C3 /* WorldTrotterUITests */ = {
			isa = PBXNativeTarget;
			buildConfigurationList = 98C051BE1F49D89E006B70C3 /* Build configuration list for PBXNativeTarget "WorldTrotterUITests" */;
			buildPhases = (
				98C051AB1F49D89E006B70C3 /* Sources */,
				98C051AC1F49D89E006B70C3 /* Frameworks */,
				98C051AD1F49D89E006B70C3 /* Resources */,
			);
			buildRules = (
			);
			dependencies = (
				98C051B11F49D89E006B70C3 /* PBXTargetDependency */,
			);
			name = WorldTrotterUITests;
			productName = WorldTrotterUITests;
			productReference = 98C051AF1F49D89E006B70C3 /* WorldTrotterUITests.xctest */;
			productType = "com.apple.product-type.bundle.ui-testing";
		};
/* End PBXNativeTarget section */

/* Begin PBXProject section */
		98C051881F49D89E006B70C3 /* Project object */ = {
			isa = PBXProject;
			attributes = {
				LastSwiftUpdateCheck = 0830;
				LastUpgradeCheck = 0830;
				ORGANIZATIONNAME = "Shuaib Labs";
				TargetAttributes = {
					98C0518F1F49D89E006B70C3 = {
						CreatedOnToolsVersion = 8.3.3;
						ProvisioningStyle = Automatic;
					};
					98C051A31F49D89E006B70C3 = {
						CreatedOnToolsVersion = 8.3.3;
						ProvisioningStyle = Automatic;
						TestTargetID = 98C0518F1F49D89E006B70C3;
					};
					98C051AE1F49D89E006B70C3 = {
						CreatedOnToolsVersion = 8.3.3;
						ProvisioningStyle = Automatic;
						TestTargetID = 98C0518F1F49D89E006B70C3;
					};
				};
			};
			buildConfigurationList = 98C0518B1F49D89E006B70C3 /* Build configuration list for PBXProject "WorldTrotter" */;
			compatibilityVersion = "Xcode 3.2";
			developmentRegion = English;
			hasScannedForEncodings = 0;
			knownRegions = (
				en,
				Base,
			);
			mainGroup = 98C051871F49D89E006B70C3;
			productRefGroup = 98C051911F49D89E006B70C3 /* Products */;
			projectDirPath = "";
			projectRoot = "";
			targets = (
				98C0518F1F49D89E006B70C3 /* WorldTrotter */,
				98C051A31F49D89E006B70C3 /* WorldTrotterTests */,
				98C051AE1F49D89E006B70C3 /* WorldTrotterUITests */,
			);
		};
/* End PBXProject section */

/* Begin PBXResourcesBuildPhase section */
		98C0518E1F49D89E006B70C3 /* Resources */ = {
			isa = PBXResourcesBuildPhase;
			buildActionMask = 2147483647;
			files = (
				98C0519E1F49D89E006B70C3 /* LaunchScreen.storyboard in Resources */,
				98C0519B1F49D89E006B70C3 /* Assets.xcassets in Resources */,
				98C051991F49D89E006B70C3 /* Main.storyboard in Resources */,
			);
			runOnlyForDeploymentPostprocessing = 0;
		};
		98C051A21F49D89E006B70C3 /* Resources */ = {
			isa = PBXResourcesBuildPhase;
			buildActionMask = 2147483647;
			files = (
			);
			runOnlyForDeploymentPostprocessing = 0;
		};
		98C051AD1F49D89E006B70C3 /* Resources */ = {
			isa = PBXResourcesBuildPhase;
			buildActionMask = 2147483647;
			files = (
			);
			runOnlyForDeploymentPostprocessing = 0;
		};
/* End PBXResourcesBuildPhase section */

/* Begin PBXSourcesBuildPhase section */
		98C0518C1F49D89E006B70C3 /* Sources */ = {
			isa = PBXSourcesBuildPhase;
			buildActionMask = 2147483647;
			files = (
				98C051961F49D89E006B70C3 /* ViewController.swift in Sources */,
				98C051941F49D89E006B70C3 /* AppDelegate.swift in Sources */,
			);
			runOnlyForDeploymentPostprocessing = 0;
		};
		98C051A01F49D89E006B70C3 /* Sources */ = {
			isa = PBXSourcesBuildPhase;
			buildActionMask = 2147483647;
			files = (
				98C051A91F49D89E006B70C3 /* WorldTrotterTests.swift in Sources */,
			);
			runOnlyForDeploymentPostprocessing = 0;
		};
		98C051AB1F49D89E006B70C3 /* Sources */ = {
			isa = PBXSourcesBuildPhase;
			buildActionMask = 2147483647;
			files = (
				98C051B41F49D89E006B70C3 /* WorldTrotterUITests.swift in Sources */,
			);
			runOnlyForDeploymentPostprocessing = 0;
		};
/* End PBXSourcesBuildPhase section */

/* Begin PBXTargetDependency section */
		98C051A61F49D89E006B70C3 /* PBXTargetDependency */ = {
			isa = PBXTargetDependency;
			target = 98C0518F1F49D89E006B70C3 /* WorldTrotter */;
			targetProxy = 98C051A51F49D89E006B70C3 /* PBXContainerItemProxy */;
		};
		98C051B11F49D89E006B70C3 /* PBXTargetDependency */ = {
			isa = PBXTargetDependency;
			target = 98C0518F1F49D89E006B70C3 /* WorldTrotter */;
			targetProxy = 98C051B01F49D89E006B70C3 /* PBXContainerItemProxy */;
		};
/* End PBXTargetDependency section */

/* Begin PBXVariantGroup section */
		98C051971F49D89E006B70C3 /* Main.storyboard */ = {
			isa = PBXVariantGroup;
			children = (
				98C051981F49D89E006B70C3 /* Base */,
			);
			name = Main.storyboard;
			sourceTree = "<group>";
		};
		98C0519C1F49D89E006B70C3 /* LaunchScreen.storyboard */ = {
			isa = PBXVariantGroup;
			children = (
				98C0519D1F49D89E006B70C3 /* Base */,
			);
			name = LaunchScreen.storyboard;
			sourceTree = "<group>";
		};
/* End PBXVariantGroup section */

/* Begin XCBuildConfiguration section */
		98C051B61F49D89E006B70C3 /* Debug */ = {
			isa = XCBuildConfiguration;
			buildSettings = {
				ALWAYS_SEARCH_USER_PATHS = NO;
				CLANG_ANALYZER_NONNULL = YES;
				CLANG_ANALYZER_NUMBER_OBJECT_CONVERSION = YES_AGGRESSIVE;
				CLANG_CXX_LANGUAGE_STANDARD = "gnu++0x";
				CLANG_CXX_LIBRARY = "libc++";
				CLANG_ENABLE_MODULES = YES;
				CLANG_ENABLE_OBJC_ARC = YES;
				CLANG_WARN_BOOL_CONVERSION = YES;
				CLANG_WARN_CONSTANT_CONVERSION = YES;
				CLANG_WARN_DIRECT_OBJC_ISA_USAGE = YES_ERROR;
				CLANG_WARN_DOCUMENTATION_COMMENTS = YES;
				CLANG_WARN_EMPTY_BODY = YES;
				CLANG_WARN_ENUM_CONVERSION = YES;
				CLANG_WARN_INFINITE_RECURSION = YES;
				CLANG_WARN_INT_CONVERSION = YES;
				CLANG_WARN_OBJC_ROOT_CLASS = YES_ERROR;
				CLANG_WARN_SUSPICIOUS_MOVE = YES;
				CLANG_WARN_UNREACHABLE_CODE = YES;
				CLANG_WARN__DUPLICATE_METHOD_MATCH = YES;
				"CODE_SIGN_IDENTITY[sdk=iphoneos*]" = "iPhone Developer";
				COPY_PHASE_STRIP = NO;
				DEBUG_INFORMATION_FORMAT = dwarf;
				ENABLE_STRICT_OBJC_MSGSEND = YES;
				ENABLE_TESTABILITY = YES;
				GCC_C_LANGUAGE_STANDARD = gnu99;
				GCC_DYNAMIC_NO_PIC = NO;
				GCC_NO_COMMON_BLOCKS = YES;
				GCC_OPTIMIZATION_LEVEL = 0;
				GCC_PREPROCESSOR_DEFINITIONS = (
					"DEBUG=1",
					"$(inherited)",
				);
				GCC_WARN_64_TO_32_BIT_CONVERSION = YES;
				GCC_WARN_ABOUT_RETURN_TYPE = YES_ERROR;
				GCC_WARN_UNDECLARED_SELECTOR = YES;
				GCC_WARN_UNINITIALIZED_AUTOS = YES_AGGRESSIVE;
				GCC_WARN_UNUSED_FUNCTION = YES;
				GCC_WARN_UNUSED_VARIABLE = YES;
				IPHONEOS_DEPLOYMENT_TARGET = 10.3;
				MTL_ENABLE_DEBUG_INFO = YES;
				ONLY_ACTIVE_ARCH = YES;
				SDKROOT = iphoneos;
				SWIFT_ACTIVE_COMPILATION_CONDITIONS = DEBUG;
				SWIFT_OPTIMIZATION_LEVEL = "-Onone";
			};
			name = Debug;
		};
		98C051B71F49D89E006B70C3 /* Release */ = {
			isa = XCBuildConfiguration;
			buildSettings = {
				ALWAYS_SEARCH_USER_PATHS = NO;
				CLANG_ANALYZER_NONNULL = YES;
				CLANG_ANALYZER_NUMBER_OBJECT_CONVERSION = YES_AGGRESSIVE;
				CLANG_CXX_LANGUAGE_STANDARD = "gnu++0x";
				CLANG_CXX_LIBRARY = "libc++";
				CLANG_ENABLE_MODULES = YES;
				CLANG_ENABLE_OBJC_ARC = YES;
				CLANG_WARN_BOOL_CONVERSION = YES;
				CLANG_WARN_CONSTANT_CONVERSION = YES;
				CLANG_WARN_DIRECT_OBJC_ISA_USAGE = YES_ERROR;
				CLANG_WARN_DOCUMENTATION_COMMENTS = YES;
				CLANG_WARN_EMPTY_BODY = YES;
				CLANG_WARN_ENUM_CONVERSION = YES;
				CLANG_WARN_INFINITE_RECURSION = YES;
				CLANG_WARN_INT_CONVERSION = YES;
				CLANG_WARN_OBJC_ROOT_CLASS = YES_ERROR;
				CLANG_WARN_SUSPICIOUS_MOVE = YES;
				CLANG_WARN_UNREACHABLE_CODE = YES;
				CLANG_WARN__DUPLICATE_METHOD_MATCH = YES;
				"CODE_SIGN_IDENTITY[sdk=iphoneos*]" = "iPhone Developer";
				COPY_PHASE_STRIP = NO;
				DEBUG_INFORMATION_FORMAT = "dwarf-with-dsym";
				ENABLE_NS_ASSERTIONS = NO;
				ENABLE_STRICT_OBJC_MSGSEND = YES;
				GCC_C_LANGUAGE_STANDARD = gnu99;
				GCC_NO_COMMON_BLOCKS = YES;
				GCC_WARN_64_TO_32_BIT_CONVERSION = YES;
				GCC_WARN_ABOUT_RETURN_TYPE = YES_ERROR;
				GCC_WARN_UNDECLARED_SELECTOR = YES;
				GCC_WARN_UNINITIALIZED_AUTOS = YES_AGGRESSIVE;
				GCC_WARN_UNUSED_FUNCTION = YES;
				GCC_WARN_UNUSED_VARIABLE = YES;
				IPHONEOS_DEPLOYMENT_TARGET = 10.3;
				MTL_ENABLE_DEBUG_INFO = NO;
				SDKROOT = iphoneos;
				SWIFT_OPTIMIZATION_LEVEL = "-Owholemodule";
				VALIDATE_PRODUCT = YES;
			};
			name = Release;
		};
		98C051B91F49D89E006B70C3 /* Debug */ = {
			isa = XCBuildConfiguration;
			buildSettings = {
				ASSETCATALOG_COMPILER_APPICON_NAME = AppIcon;
				INFOPLIST_FILE = WorldTrotter/Info.plist;
				LD_RUNPATH_SEARCH_PATHS = "$(inherited) @executable_path/Frameworks";
				PRODUCT_BUNDLE_IDENTIFIER = com.shuaibLabs.WorldTrotter;
				PRODUCT_NAME = "$(TARGET_NAME)";
				SWIFT_VERSION = 3.0;
			};
			name = Debug;
		};
		98C051BA1F49D89E006B70C3 /* Release */ = {
			isa = XCBuildConfiguration;
			buildSettings = {
				ASSETCATALOG_COMPILER_APPICON_NAME = AppIcon;
				INFOPLIST_FILE = WorldTrotter/Info.plist;
				LD_RUNPATH_SEARCH_PATHS = "$(inherited) @executable_path/Frameworks";
				PRODUCT_BUNDLE_IDENTIFIER = com.shuaibLabs.WorldTrotter;
				PRODUCT_NAME = "$(TARGET_NAME)";
				SWIFT_VERSION = 3.0;
			};
			name = Release;
		};
		98C051BC1F49D89E006B70C3 /* Debug */ = {
			isa = XCBuildConfiguration;
			buildSettings = {
				ALWAYS_EMBED_SWIFT_STANDARD_LIBRARIES = YES;
				BUNDLE_LOADER = "$(TEST_HOST)";
				INFOPLIST_FILE = WorldTrotterTests/Info.plist;
				LD_RUNPATH_SEARCH_PATHS = "$(inherited) @executable_path/Frameworks @loader_path/Frameworks";
				PRODUCT_BUNDLE_IDENTIFIER = com.shuaibLabs.WorldTrotterTests;
				PRODUCT_NAME = "$(TARGET_NAME)";
				SWIFT_VERSION = 3.0;
				TEST_HOST = "$(BUILT_PRODUCTS_DIR)/WorldTrotter.app/WorldTrotter";
			};
			name = Debug;
		};
		98C051BD1F49D89E006B70C3 /* Release */ = {
			isa = XCBuildConfiguration;
			buildSettings = {
				ALWAYS_EMBED_SWIFT_STANDARD_LIBRARIES = YES;
				BUNDLE_LOADER = "$(TEST_HOST)";
				INFOPLIST_FILE = WorldTrotterTests/Info.plist;
				LD_RUNPATH_SEARCH_PATHS = "$(inherited) @executable_path/Frameworks @loader_path/Frameworks";
				PRODUCT_BUNDLE_IDENTIFIER = com.shuaibLabs.WorldTrotterTests;
				PRODUCT_NAME = "$(TARGET_NAME)";
				SWIFT_VERSION = 3.0;
				TEST_HOST = "$(BUILT_PRODUCTS_DIR)/WorldTrotter.app/WorldTrotter";
			};
			name = Release;
		};
		98C051BF1F49D89E006B70C3 /* Debug */ = {
			isa = XCBuildConfiguration;
			buildSettings = {
				ALWAYS_EMBED_SWIFT_STANDARD_LIBRARIES = YES;
				INFOPLIST_FILE = WorldTrotterUITests/Info.plist;
				LD_RUNPATH_SEARCH_PATHS = "$(inherited) @executable_path/Frameworks @loader_path/Frameworks";
				PRODUCT_BUNDLE_IDENTIFIER = com.shuaibLabs.WorldTrotterUITests;
				PRODUCT_NAME = "$(TARGET_NAME)";
				SWIFT_VERSION = 3.0;
				TEST_TARGET_NAME = WorldTrotter;
			};
			name = Debug;
		};
		98C051C01F49D89E006B70C3 /* Release */ = {
			isa = XCBuildConfiguration;
			buildSettings = {
				ALWAYS_EMBED_SWIFT_STANDARD_LIBRARIES = YES;
				INFOPLIST_FILE = WorldTrotterUITests/Info.plist;
				LD_RUNPATH_SEARCH_PATHS = "$(inherited) @executable_path/Frameworks @loader_path/Frameworks";
				PRODUCT_BUNDLE_IDENTIFIER = com.shuaibLabs.WorldTrotterUITests;
				PRODUCT_NAME = "$(TARGET_NAME)";
				SWIFT_VERSION = 3.0;
				TEST_TARGET_NAME = WorldTrotter;
			};
			name = Release;
		};
/* End XCBuildConfiguration section */

/* Begin XCConfigurationList section */
		98C0518B1F49D89E006B70C3 /* Build configuration list for PBXProject "WorldTrotter" */ = {
			isa = XCConfigurationList;
			buildConfigurations = (
				98C051B61F49D89E006B70C3 /* Debug */,
				98C051B71F49D89E006B70C3 /* Release */,
			);
			defaultConfigurationIsVisible = 0;
			defaultConfigurationName = Release;
		};
		98C051B81F49D89E006B70C3 /* Build configuration list for PBXNativeTarget "WorldTrotter" */ = {
			isa = XCConfigurationList;
			buildConfigurations = (
				98C051B91F49D89E006B70C3 /* Debug */,
				98C051BA1F49D89E006B70C3 /* Release */,
			);
			defaultConfigurationIsVisible = 0;
		};
		98C051BB1F49D89E006B70C3 /* Build configuration list for PBXNativeTarget "WorldTrotterTests" */ = {
			isa = XCConfigurationList;
			buildConfigurations = (
				98C051BC1F49D89E006B70C3 /* Debug */,
				98C051BD1F49D89E006B70C3 /* Release */,
			);
			defaultConfigurationIsVisible = 0;
		};
		98C051BE1F49D89E006B70C3 /* Build configuration list for PBXNativeTarget "WorldTrotterUITests" */ = {
			isa = XCConfigurationList;
			buildConfigurations = (
				98C051BF1F49D89E006B70C3 /* Debug */,
				98C051C01F49D89E006B70C3 /* Release */,
			);
			defaultConfigurationIsVisible = 0;
		};
/* End XCConfigurationList section */
	};
	rootObject = 98C051881F49D89E006B70C3 /* Project object */;
}
